dependencies:
- name: cloudnative-pg
  repository: https://cloudnative-pg.io/charts
  version: 0.26.0
- name: argo-cd
  repository: https://argoproj.github.io/argo-helm
  version: 7.7.15
- name: security
  repository: https://helm.devtron.ai
  version: 0.2.2
digest: sha256:1a105757f0a604b2a5b255353ba9fdf557629607e514b5ccf66d7216e6bae9e2
generated: "2025-12-23T14:20:34.483471+05:30"
